
Microsoft Visual Studio Solution File, Format Version 12.00
# Visual Studio 2012
Project("{FAE04EC0-301F-11D3-BF4B-00C04F79EFBC}") = "NewCustomerIntegration2", "NewCustomerIntegration2\NewCustomerIntegration2.csproj", "{6031CABC-9A95-4FB6-AF92-062E6370E6A9}"
EndProject
Project("{FAE04EC0-301F-11D3-BF4B-00C04F79EFBC}") = "NewCustomerIntegration2.Tests", "NewCustomerIntegration2.Tests\NewCustomerIntegration2.Tests.csproj", "{D9FA0886-E4D4-44AA-97F5-E906D1C62E87}"
EndProject
Global
	GlobalSection(SolutionConfigurationPlatforms) = preSolution
		Debug|Any CPU = Debug|Any CPU
		Release|Any CPU = Release|Any CPU
	EndGlobalSection
	GlobalSection(ProjectConfigurationPlatforms) = postSolution
		{6031CABC-9A95-4FB6-AF92-062E6370E6A9}.Debug|Any CPU.ActiveCfg = Debug|Any CPU
		{6031CABC-9A95-4FB6-AF92-062E6370E6A9}.Debug|Any CPU.Build.0 = Debug|Any CPU
		{6031CABC-9A95-4FB6-AF92-062E6370E6A9}.Release|Any CPU.ActiveCfg = Release|Any CPU
		{6031CABC-9A95-4FB6-AF92-062E6370E6A9}.Release|Any CPU.Build.0 = Release|Any CPU
		{D9FA0886-E4D4-44AA-97F5-E906D1C62E87}.Debug|Any CPU.ActiveCfg = Debug|Any CPU
		{D9FA0886-E4D4-44AA-97F5-E906D1C62E87}.Debug|Any CPU.Build.0 = Debug|Any CPU
		{D9FA0886-E4D4-44AA-97F5-E906D1C62E87}.Release|Any CPU.ActiveCfg = Release|Any CPU
		{D9FA0886-E4D4-44AA-97F5-E906D1C62E87}.Release|Any CPU.Build.0 = Release|Any CPU
	EndGlobalSection
	GlobalSection(SolutionProperties) = preSolution
		HideSolutionNode = FALSE
	EndGlobalSection
EndGlobal
